
Microsoft Visual Studio Solution File, Format Version 12.00
# Visual Studio 15
VisualStudioVersion = 15.0.26730.3
MinimumVisualStudioVersion = 10.0.40219.1
Project("{9A19103F-16F7-4668-BE54-9A1E7A4F7556}") = "ARTchive", "ARTchive.csproj", "{F7479EF8-48B0-4553-825A-342F27AFCCCA}"
EndProject
Global
	GlobalSection(SolutionConfigurationPlatforms) = preSolution
		Debug|Any CPU = Debug|Any CPU
		Release|Any CPU = Release|Any CPU
	EndGlobalSection
	GlobalSection(ProjectConfigurationPlatforms) = postSolution
		{F7479EF8-48B0-4553-825A-342F27AFCCCA}.Debug|Any CPU.ActiveCfg = Debug|Any CPU
		{F7479EF8-48B0-4553-825A-342F27AFCCCA}.Debug|Any CPU.Build.0 = Debug|Any CPU
		{F7479EF8-48B0-4553-825A-342F27AFCCCA}.Release|Any CPU.ActiveCfg = Release|Any CPU
		{F7479EF8-48B0-4553-825A-342F27AFCCCA}.Release|Any CPU.Build.0 = Release|Any CPU
	EndGlobalSection
	GlobalSection(SolutionProperties) = preSolution
		HideSolutionNode = FALSE
	EndGlobalSection
	GlobalSection(ExtensibilityGlobals) = postSolution
		SolutionGuid = {DDC3E77E-AA9E-47E7-92AB-27EB7EC95A9F}
	EndGlobalSection
EndGlobal
